// !$*UTF8*$!
{
	archiveVersion = 1;
	classes = {
	};
	objectVersion = 50;
	objects = {

/* Begin PBXBuildFile section */
		FF42ECAE25BE9DCB00F881B9 /* main.swift in Sources */ = {isa = PBXBuildFile; fileRef = FF42ECAD25BE9DCB00F881B9 /* main.swift */; };
		FF42ECB625BE9DD500F881B9 /* Cachier.swift in Sources */ = {isa = PBXBuildFile; fileRef = FF42ECB525BE9DD500F881B9 /* Cachier.swift */; };
		FF42ECB925BEA03500F881B9 /* NumberTicket.swift in Sources */ = {isa = PBXBuildFile; fileRef = FF42ECB825BEA03500F881B9 /* NumberTicket.swift */; };
		FF42ECBC25BEA03E00F881B9 /* Manager.swift in Sources */ = {isa = PBXBuildFile; fileRef = FF42ECBB25BEA03E00F881B9 /* Manager.swift */; };
		FF42ECBF25BEA04600F881B9 /* Baristar.swift in Sources */ = {isa = PBXBuildFile; fileRef = FF42ECBE25BEA04600F881B9 /* Baristar.swift */; };
		FF42ECC225BEA13700F881B9 /* DashBoard.swift in Sources */ = {isa = PBXBuildFile; fileRef = FF42ECC125BEA13700F881B9 /* DashBoard.swift */; };
/* End PBXBuildFile section */

/* Begin PBXCopyFilesBuildPhase section */
		FF42ECA825BE9DCB00F881B9 /* CopyFiles */ = {
			isa = PBXCopyFilesBuildPhase;
			buildActionMask = 2147483647;
			dstPath = /usr/share/man/man1/;
			dstSubfolderSpec = 0;
			files = (
			);
			runOnlyForDeploymentPostprocessing = 1;
		};
/* End PBXCopyFilesBuildPhase section */

/* Begin PBXFileReference section */
		FF42ECAA25BE9DCB00F881B9 /* CS10-Day07 */ = {isa = PBXFileReference; explicitFileType = "compiled.mach-o.executable"; includeInIndex = 0; path = "CS10-Day07"; sourceTree = BUILT_PRODUCTS_DIR; };
		FF42ECAD25BE9DCB00F881B9 /* main.swift */ = {isa = PBXFileReference; lastKnownFileType = sourcecode.swift; path = main.swift; sourceTree = "<group>"; };
		FF42ECB525BE9DD500F881B9 /* Cachier.swift */ = {isa = PBXFileReference; lastKnownFileType = sourcecode.swift; path = Cachier.swift; sourceTree = "<group>"; };
		FF42ECB825BEA03500F881B9 /* NumberTicket.swift */ = {isa = PBXFileReference; lastKnownFileType = sourcecode.swift; path = NumberTicket.swift; sourceTree = "<group>"; };
		FF42ECBB25BEA03E00F881B9 /* Manager.swift */ = {isa = PBXFileReference; lastKnownFileType = sourcecode.swift; path = Manager.swift; sourceTree = "<group>"; };
		FF42ECBE25BEA04600F881B9 /* Baristar.swift */ = {isa = PBXFileReference; lastKnownFileType = sourcecode.swift; path = Baristar.swift; sourceTree = "<group>"; };
		FF42ECC125BEA13700F881B9 /* DashBoard.swift */ = {isa = PBXFileReference; lastKnownFileType = sourcecode.swift; path = DashBoard.swift; sourceTree = "<group>"; };
/* End PBXFileReference section */

/* Begin PBXFrameworksBuildPhase section */
		FF42ECA725BE9DCB00F881B9 /* Frameworks */ = {
			isa = PBXFrameworksBuildPhase;
			buildActionMask = 2147483647;
			files = (
			);
			runOnlyForDeploymentPostprocessing = 0;
		};
/* End PBXFrameworksBuildPhase section */

/* Begin PBXGroup section */
		FF42ECA125BE9DCB00F881B9 = {
			isa = PBXGroup;
			children = (
				FF42ECAC25BE9DCB00F881B9 /* CS10-Day07 */,
				FF42ECAB25BE9DCB00F881B9 /* Products */,
			);
			sourceTree = "<group>";
		};
		FF42ECAB25BE9DCB00F881B9 /* Products */ = {
			isa = PBXGroup;
			children = (
				FF42ECAA25BE9DCB00F881B9 /* CS10-Day07 */,
			);
			name = Products;
			sourceTree = "<group>";
		};
		FF42ECAC25BE9DCB00F881B9 /* CS10-Day07 */ = {
			isa = PBXGroup;
			children = (
				FF42ECAD25BE9DCB00F881B9 /* main.swift */,
				FF42ECB525BE9DD500F881B9 /* Cachier.swift */,
				FF42ECBE25BEA04600F881B9 /* Baristar.swift */,
				FF42ECBB25BEA03E00F881B9 /* Manager.swift */,
				FF42ECB825BEA03500F881B9 /* NumberTicket.swift */,
				FF42ECC125BEA13700F881B9 /* DashBoard.swift */,
			);
			path = "CS10-Day07";
			sourceTree = "<group>";
		};
/* End PBXGroup section */

/* Begin PBXNativeTarget section */
		FF42ECA925BE9DCB00F881B9 /* CS10-Day07 */ = {
			isa = PBXNativeTarget;
			buildConfigurationList = FF42ECB125BE9DCB00F881B9 /* Build configuration list for PBXNativeTarget "CS10-Day07" */;
			buildPhases = (
				FF42ECA625BE9DCB00F881B9 /* Sources */,
				FF42ECA725BE9DCB00F881B9 /* Frameworks */,
				FF42ECA825BE9DCB00F881B9 /* CopyFiles */,
			);
			buildRules = (
			);
			dependencies = (
			);
			name = "CS10-Day07";
			productName = "CS10-Day07";
			productReference = FF42ECAA25BE9DCB00F881B9 /* CS10-Day07 */;
			productType = "com.apple.product-type.tool";
		};
/* End PBXNativeTarget section */

/* Begin PBXProject section */
		FF42ECA225BE9DCB00F881B9 /* Project object */ = {
			isa = PBXProject;
			attributes = {
				LastSwiftUpdateCheck = 1230;
				LastUpgradeCheck = 1230;
				TargetAttributes = {
					FF42ECA925BE9DCB00F881B9 = {
						CreatedOnToolsVersion = 12.3;
					};
				};
			};
			buildConfigurationList = FF42ECA525BE9DCB00F881B9 /* Build configuration list for PBXProject "CS10-Day07" */;
			compatibilityVersion = "Xcode 9.3";
			developmentRegion = en;
			hasScannedForEncodings = 0;
			knownRegions = (
				en,
				Base,
			);
			mainGroup = FF42ECA125BE9DCB00F881B9;
			productRefGroup = FF42ECAB25BE9DCB00F881B9 /* Products */;
			projectDirPath = "";
			projectRoot = "";
			targets = (
				FF42ECA925BE9DCB00F881B9 /* CS10-Day07 */,
			);
		};
/* End PBXProject section */

/* Begin PBXSourcesBuildPhase section */
		FF42ECA625BE9DCB00F881B9 /* Sources */ = {
			isa = PBXSourcesBuildPhase;
			buildActionMask = 2147483647;
			files = (
				FF42ECC225BEA13700F881B9 /* DashBoard.swift in Sources */,
				FF42ECB925BEA03500F881B9 /* NumberTicket.swift in Sources */,
				FF42ECAE25BE9DCB00F881B9 /* main.swift in Sources */,
				FF42ECB625BE9DD500F881B9 /* Cachier.swift in Sources */,
				FF42ECBC25BEA03E00F881B9 /* Manager.swift in Sources */,
				FF42ECBF25BEA04600F881B9 /* Baristar.swift in Sources */,
			);
			runOnlyForDeploymentPostprocessing = 0;
		};
/* End PBXSourcesBuildPhase section */

/* Begin XCBuildConfiguration section */
		FF42ECAF25BE9DCB00F881B9 /* Debug */ = {
			isa = XCBuildConfiguration;
			buildSettings = {
				ALWAYS_SEARCH_USER_PATHS = NO;
				CLANG_ANALYZER_NONNULL = YES;
				CLANG_ANALYZER_NUMBER_OBJECT_CONVERSION = YES_AGGRESSIVE;
				CLANG_CXX_LANGUAGE_STANDARD = "gnu++14";
				CLANG_CXX_LIBRARY = "libc++";
				CLANG_ENABLE_MODULES = YES;
				CLANG_ENABLE_OBJC_ARC = YES;
				CLANG_ENABLE_OBJC_WEAK = YES;
				CLANG_WARN_BLOCK_CAPTURE_AUTORELEASING = YES;
				CLANG_WARN_BOOL_CONVERSION = YES;
				CLANG_WARN_COMMA = YES;
				CLANG_WARN_CONSTANT_CONVERSION = YES;
				CLANG_WARN_DEPRECATED_OBJC_IMPLEMENTATIONS = YES;
				CLANG_WARN_DIRECT_OBJC_ISA_USAGE = YES_ERROR;
				CLANG_WARN_DOCUMENTATION_COMMENTS = YES;
				CLANG_WARN_EMPTY_BODY = YES;
				CLANG_WARN_ENUM_CONVERSION = YES;
				CLANG_WARN_INFINITE_RECURSION = YES;
				CLANG_WARN_INT_CONVERSION = YES;
				CLANG_WARN_NON_LITERAL_NULL_CONVERSION = YES;
				CLANG_WARN_OBJC_IMPLICIT_RETAIN_SELF = YES;
				CLANG_WARN_OBJC_LITERAL_CONVERSION = YES;
				CLANG_WARN_OBJC_ROOT_CLASS = YES_ERROR;
				CLANG_WARN_QUOTED_INCLUDE_IN_FRAMEWORK_HEADER = YES;
				CLANG_WARN_RANGE_LOOP_ANALYSIS = YES;
				CLANG_WARN_STRICT_PROTOTYPES = YES;
				CLANG_WARN_SUSPICIOUS_MOVE = YES;
				CLANG_WARN_UNGUARDED_AVAILABILITY = YES_AGGRESSIVE;
				CLANG_WARN_UNREACHABLE_CODE = YES;
				CLANG_WARN__DUPLICATE_METHOD_MATCH = YES;
				COPY_PHASE_STRIP = NO;
				DEBUG_INFORMATION_FORMAT = dwarf;
				ENABLE_STRICT_OBJC_MSGSEND = YES;
				ENABLE_TESTABILITY = YES;
				GCC_C_LANGUAGE_STANDARD = gnu11;
				GCC_DYNAMIC_NO_PIC = NO;
				GCC_NO_COMMON_BLOCKS = YES;
				GCC_OPTIMIZATION_LEVEL = 0;
				GCC_PREPROCESSOR_DEFINITIONS = (
					"DEBUG=1",
					"$(inherited)",
				);
				GCC_WARN_64_TO_32_BIT_CONVERSION = YES;
				GCC_WARN_ABOUT_RETURN_TYPE = YES_ERROR;
				GCC_WARN_UNDECLARED_SELECTOR = YES;
				GCC_WARN_UNINITIALIZED_AUTOS = YES_AGGRESSIVE;
				GCC_WARN_UNUSED_FUNCTION = YES;
				GCC_WARN_UNUSED_VARIABLE = YES;
				MACOSX_DEPLOYMENT_TARGET = 11.1;
				MTL_ENABLE_DEBUG_INFO = INCLUDE_SOURCE;
				MTL_FAST_MATH = YES;
				ONLY_ACTIVE_ARCH = YES;
				SDKROOT = macosx;
				SWIFT_ACTIVE_COMPILATION_CONDITIONS = DEBUG;
				SWIFT_OPTIMIZATION_LEVEL = "-Onone";
			};
			name = Debug;
		};
		FF42ECB025BE9DCB00F881B9 /* Release */ = {
			isa = XCBuildConfiguration;
			buildSettings = {
				ALWAYS_SEARCH_USER_PATHS = NO;
				CLANG_ANALYZER_NONNULL = YES;
				CLANG_ANALYZER_NUMBER_OBJECT_CONVERSION = YES_AGGRESSIVE;
				CLANG_CXX_LANGUAGE_STANDARD = "gnu++14";
				CLANG_CXX_LIBRARY = "libc++";
				CLANG_ENABLE_MODULES = YES;
				CLANG_ENABLE_OBJC_ARC = YES;
				CLANG_ENABLE_OBJC_WEAK = YES;
				CLANG_WARN_BLOCK_CAPTURE_AUTORELEASING = YES;
				CLANG_WARN_BOOL_CONVERSION = YES;
				CLANG_WARN_COMMA = YES;
				CLANG_WARN_CONSTANT_CONVERSION = YES;
				CLANG_WARN_DEPRECATED_OBJC_IMPLEMENTATIONS = YES;
				CLANG_WARN_DIRECT_OBJC_ISA_USAGE = YES_ERROR;
				CLANG_WARN_DOCUMENTATION_COMMENTS = YES;
				CLANG_WARN_EMPTY_BODY = YES;
				CLANG_WARN_ENUM_CONVERSION = YES;
				CLANG_WARN_INFINITE_RECURSION = YES;
				CLANG_WARN_INT_CONVERSION = YES;
				CLANG_WARN_NON_LITERAL_NULL_CONVERSION = YES;
				CLANG_WARN_OBJC_IMPLICIT_RETAIN_SELF = YES;
				CLANG_WARN_OBJC_LITERAL_CONVERSION = YES;
				CLANG_WARN_OBJC_ROOT_CLASS = YES_ERROR;
				CLANG_WARN_QUOTED_INCLUDE_IN_FRAMEWORK_HEADER = YES;
				CLANG_WARN_RANGE_LOOP_ANALYSIS = YES;
				CLANG_WARN_STRICT_PROTOTYPES = YES;
				CLANG_WARN_SUSPICIOUS_MOVE = YES;
				CLANG_WARN_UNGUARDED_AVAILABILITY = YES_AGGRESSIVE;
				CLANG_WARN_UNREACHABLE_CODE = YES;
				CLANG_WARN__DUPLICATE_METHOD_MATCH = YES;
				COPY_PHASE_STRIP = NO;
				DEBUG_INFORMATION_FORMAT = "dwarf-with-dsym";
				ENABLE_NS_ASSERTIONS = NO;
				ENABLE_STRICT_OBJC_MSGSEND = YES;
				GCC_C_LANGUAGE_STANDARD = gnu11;
				GCC_NO_COMMON_BLOCKS = YES;
				GCC_WARN_64_TO_32_BIT_CONVERSION = YES;
				GCC_WARN_ABOUT_RETURN_TYPE = YES_ERROR;
				GCC_WARN_UNDECLARED_SELECTOR = YES;
				GCC_WARN_UNINITIALIZED_AUTOS = YES_AGGRESSIVE;
				GCC_WARN_UNUSED_FUNCTION = YES;
				GCC_WARN_UNUSED_VARIABLE = YES;
				MACOSX_DEPLOYMENT_TARGET = 11.1;
				MTL_ENABLE_DEBUG_INFO = NO;
				MTL_FAST_MATH = YES;
				SDKROOT = macosx;
				SWIFT_COMPILATION_MODE = wholemodule;
				SWIFT_OPTIMIZATION_LEVEL = "-O";
			};
			name = Release;
		};
		FF42ECB225BE9DCB00F881B9 /* Debug */ = {
			isa = XCBuildConfiguration;
			buildSettings = {
				CODE_SIGN_STYLE = Automatic;
				PRODUCT_NAME = "$(TARGET_NAME)";
				SWIFT_VERSION = 5.0;
			};
			name = Debug;
		};
		FF42ECB325BE9DCB00F881B9 /* Release */ = {
			isa = XCBuildConfiguration;
			buildSettings = {
				CODE_SIGN_STYLE = Automatic;
				PRODUCT_NAME = "$(TARGET_NAME)";
				SWIFT_VERSION = 5.0;
			};
			name = Release;
		};
/* End XCBuildConfiguration section */

/* Begin XCConfigurationList section */
		FF42ECA525BE9DCB00F881B9 /* Build configuration list for PBXProject "CS10-Day07" */ = {
			isa = XCConfigurationList;
			buildConfigurations = (
				FF42ECAF25BE9DCB00F881B9 /* Debug */,
				FF42ECB025BE9DCB00F881B9 /* Release */,
			);
			defaultConfigurationIsVisible = 0;
			defaultConfigurationName = Release;
		};
		FF42ECB125BE9DCB00F881B9 /* Build configuration list for PBXNativeTarget "CS10-Day07" */ = {
			isa = XCConfigurationList;
			buildConfigurations = (
				FF42ECB225BE9DCB00F881B9 /* Debug */,
				FF42ECB325BE9DCB00F881B9 /* Release */,
			);
			defaultConfigurationIsVisible = 0;
			defaultConfigurationName = Release;
		};
/* End XCConfigurationList section */
	};
	rootObject = FF42ECA225BE9DCB00F881B9 /* Project object */;
}
